
Microsoft Visual Studio Solution File, Format Version 12.00
# Visual Studio Version 17
VisualStudioVersion = 17.8.34601.278
MinimumVisualStudioVersion = 10.0.40219.1
Project("{FAE04EC0-301F-11D3-BF4B-00C04F79EFBC}") = "TesteEstagio2", "TesteEstagio2\TesteEstagio2.csproj", "{19DEBFF0-1A58-4202-824C-84D438A6B4CB}"
EndProject
Global
	GlobalSection(SolutionConfigurationPlatforms) = preSolution
		Debug|Any CPU = Debug|Any CPU
		Release|Any CPU = Release|Any CPU
	EndGlobalSection
	GlobalSection(ProjectConfigurationPlatforms) = postSolution
		{19DEBFF0-1A58-4202-824C-84D438A6B4CB}.Debug|Any CPU.ActiveCfg = Debug|Any CPU
		{19DEBFF0-1A58-4202-824C-84D438A6B4CB}.Debug|Any CPU.Build.0 = Debug|Any CPU
		{19DEBFF0-1A58-4202-824C-84D438A6B4CB}.Release|Any CPU.ActiveCfg = Release|Any CPU
		{19DEBFF0-1A58-4202-824C-84D438A6B4CB}.Release|Any CPU.Build.0 = Release|Any CPU
	EndGlobalSection
	GlobalSection(SolutionProperties) = preSolution
		HideSolutionNode = FALSE
	EndGlobalSection
	GlobalSection(ExtensibilityGlobals) = postSolution
		SolutionGuid = {B0E42762-6427-4C5C-813A-F774E5249308}
	EndGlobalSection
EndGlobal
